dependencies:
- name: component
  repository: https://bcgov.github.io/helm-service
  version: 0.3.0
- name: component
  repository: https://bcgov.github.io/helm-service
  version: 0.3.0
- name: postgresql
  repository: https://charts.bitnami.com/bitnami
  version: 14.0.4
digest: sha256:4e9d0289c204149fbfefbedebb4a9b1d5c2af3c3bd4a5c0b235c2451fcadb7f1
generated: "2024-02-09T21:12:25.049565523Z"
