dependencies:
- name: component
  repository: https://bcgov.github.io/helm-service
  version: 0.3.0
- name: component
  repository: https://bcgov.github.io/helm-service
  version: 0.3.0
- name: postgresql
  repository: https://charts.bitnami.com/bitnami
  version: 14.0.5
digest: sha256:421efbcfcd05653e24dcac9b1693db6fcd0bdec4cfb5698794b72da350e4d520
generated: "2024-02-12T12:21:00.984322031Z"
