dependencies:
- name: component
  repository: https://bcgov.github.io/helm-service
  version: 0.3.0
- name: component
  repository: https://bcgov.github.io/helm-service
  version: 0.3.0
- name: postgresql
  repository: https://charts.bitnami.com/bitnami
  version: 14.1.1
digest: sha256:79bb5aed19a5a0d68445bae5c1cf97210fda6ce8311e59abef147571ff22a649
generated: "2024-02-16T13:34:07.312140262Z"
